
Microsoft Visual Studio Solution File, Format Version 12.00
# Visual Studio Version 17
VisualStudioVersion = 17.4.33213.308
MinimumVisualStudioVersion = 10.0.40219.1
Project("{8BC9CEB8-8B4A-11D0-8D11-00A0C91BC942}") = "LeonardoEngine", "LeonardoEngine\LeonardoEngine.vcxproj", "{16B21464-EAA5-4067-B870-DAE866EC8F6B}"
EndProject
Project("{8BC9CEB8-8B4A-11D0-8D11-00A0C91BC942}") = "LeonardoEngineTest", "LeonardoEngineTest\LeonardoEngineTest.vcxproj", "{5C2B7CEC-CE12-4A7E-9EF7-DDC5BC565637}"
EndProject
Project("{8BC9CEB8-8B4A-11D0-8D11-00A0C91BC942}") = "MockChessEngine", "MockChessEngine\MockChessEngine.vcxproj", "{944091FE-C183-4DDF-B910-12047D02ED20}"
EndProject
Project("{8BC9CEB8-8B4A-11D0-8D11-00A0C91BC942}") = "AiTest", "AiTest\AiTest.vcxproj", "{F9EFC263-A435-4FFA-B3E9-2B28DF918B29}"
EndProject
Project("{8BC9CEB8-8B4A-11D0-8D11-00A0C91BC942}") = "LeonardoAi", "LeonardoAi\LeonardoAi.vcxproj", "{B3D47855-A708-4248-A42E-877870D4167B}"
EndProject
Global
	GlobalSection(SolutionConfigurationPlatforms) = preSolution
		Debug|ARM = Debug|ARM
		Debug|ARM64 = Debug|ARM64
		Debug|x64 = Debug|x64
		Debug|x86 = Debug|x86
		Release|ARM = Release|ARM
		Release|ARM64 = Release|ARM64
		Release|x64 = Release|x64
		Release|x86 = Release|x86
	EndGlobalSection
	GlobalSection(ProjectConfigurationPlatforms) = postSolution
		{16B21464-EAA5-4067-B870-DAE866EC8F6B}.Debug|ARM.ActiveCfg = Debug|x64
		{16B21464-EAA5-4067-B870-DAE866EC8F6B}.Debug|ARM.Build.0 = Debug|x64
		{16B21464-EAA5-4067-B870-DAE866EC8F6B}.Debug|ARM64.ActiveCfg = Debug|x64
		{16B21464-EAA5-4067-B870-DAE866EC8F6B}.Debug|ARM64.Build.0 = Debug|x64
		{16B21464-EAA5-4067-B870-DAE866EC8F6B}.Debug|x64.ActiveCfg = Debug|x64
		{16B21464-EAA5-4067-B870-DAE866EC8F6B}.Debug|x64.Build.0 = Debug|x64
		{16B21464-EAA5-4067-B870-DAE866EC8F6B}.Debug|x86.ActiveCfg = Debug|x64
		{16B21464-EAA5-4067-B870-DAE866EC8F6B}.Debug|x86.Build.0 = Debug|x64
		{16B21464-EAA5-4067-B870-DAE866EC8F6B}.Release|ARM.ActiveCfg = Release|x64
		{16B21464-EAA5-4067-B870-DAE866EC8F6B}.Release|ARM.Build.0 = Release|x64
		{16B21464-EAA5-4067-B870-DAE866EC8F6B}.Release|ARM64.ActiveCfg = Release|x64
		{16B21464-EAA5-4067-B870-DAE866EC8F6B}.Release|ARM64.Build.0 = Release|x64
		{16B21464-EAA5-4067-B870-DAE866EC8F6B}.Release|x64.ActiveCfg = Release|x64
		{16B21464-EAA5-4067-B870-DAE866EC8F6B}.Release|x64.Build.0 = Release|x64
		{16B21464-EAA5-4067-B870-DAE866EC8F6B}.Release|x86.ActiveCfg = Release|x64
		{16B21464-EAA5-4067-B870-DAE866EC8F6B}.Release|x86.Build.0 = Release|x64
		{5C2B7CEC-CE12-4A7E-9EF7-DDC5BC565637}.Debug|ARM.ActiveCfg = Debug|x64
		{5C2B7CEC-CE12-4A7E-9EF7-DDC5BC565637}.Debug|ARM.Build.0 = Debug|x64
		{5C2B7CEC-CE12-4A7E-9EF7-DDC5BC565637}.Debug|ARM64.ActiveCfg = Debug|x64
		{5C2B7CEC-CE12-4A7E-9EF7-DDC5BC565637}.Debug|ARM64.Build.0 = Debug|x64
		{5C2B7CEC-CE12-4A7E-9EF7-DDC5BC565637}.Debug|x64.ActiveCfg = Debug|x64
		{5C2B7CEC-CE12-4A7E-9EF7-DDC5BC565637}.Debug|x64.Build.0 = Debug|x64
		{5C2B7CEC-CE12-4A7E-9EF7-DDC5BC565637}.Debug|x86.ActiveCfg = Debug|x64
		{5C2B7CEC-CE12-4A7E-9EF7-DDC5BC565637}.Debug|x86.Build.0 = Debug|x64
		{5C2B7CEC-CE12-4A7E-9EF7-DDC5BC565637}.Release|ARM.ActiveCfg = Release|x64
		{5C2B7CEC-CE12-4A7E-9EF7-DDC5BC565637}.Release|ARM.Build.0 = Release|x64
		{5C2B7CEC-CE12-4A7E-9EF7-DDC5BC565637}.Release|ARM64.ActiveCfg = Release|x64
		{5C2B7CEC-CE12-4A7E-9EF7-DDC5BC565637}.Release|ARM64.Build.0 = Release|x64
		{5C2B7CEC-CE12-4A7E-9EF7-DDC5BC565637}.Release|x64.ActiveCfg = Release|x64
		{5C2B7CEC-CE12-4A7E-9EF7-DDC5BC565637}.Release|x64.Build.0 = Release|x64
		{5C2B7CEC-CE12-4A7E-9EF7-DDC5BC565637}.Release|x86.ActiveCfg = Release|x64
		{5C2B7CEC-CE12-4A7E-9EF7-DDC5BC565637}.Release|x86.Build.0 = Release|x64
		{944091FE-C183-4DDF-B910-12047D02ED20}.Debug|ARM.ActiveCfg = Debug|x64
		{944091FE-C183-4DDF-B910-12047D02ED20}.Debug|ARM.Build.0 = Debug|x64
		{944091FE-C183-4DDF-B910-12047D02ED20}.Debug|ARM64.ActiveCfg = Debug|x64
		{944091FE-C183-4DDF-B910-12047D02ED20}.Debug|ARM64.Build.0 = Debug|x64
		{944091FE-C183-4DDF-B910-12047D02ED20}.Debug|x64.ActiveCfg = Debug|x64
		{944091FE-C183-4DDF-B910-12047D02ED20}.Debug|x64.Build.0 = Debug|x64
		{944091FE-C183-4DDF-B910-12047D02ED20}.Debug|x86.ActiveCfg = Debug|Win32
		{944091FE-C183-4DDF-B910-12047D02ED20}.Debug|x86.Build.0 = Debug|Win32
		{944091FE-C183-4DDF-B910-12047D02ED20}.Release|ARM.ActiveCfg = Release|x64
		{944091FE-C183-4DDF-B910-12047D02ED20}.Release|ARM.Build.0 = Release|x64
		{944091FE-C183-4DDF-B910-12047D02ED20}.Release|ARM64.ActiveCfg = Release|x64
		{944091FE-C183-4DDF-B910-12047D02ED20}.Release|ARM64.Build.0 = Release|x64
		{944091FE-C183-4DDF-B910-12047D02ED20}.Release|x64.ActiveCfg = Release|x64
		{944091FE-C183-4DDF-B910-12047D02ED20}.Release|x64.Build.0 = Release|x64
		{944091FE-C183-4DDF-B910-12047D02ED20}.Release|x86.ActiveCfg = Release|Win32
		{944091FE-C183-4DDF-B910-12047D02ED20}.Release|x86.Build.0 = Release|Win32
		{F9EFC263-A435-4FFA-B3E9-2B28DF918B29}.Debug|ARM.ActiveCfg = Debug|x64
		{F9EFC263-A435-4FFA-B3E9-2B28DF918B29}.Debug|ARM.Build.0 = Debug|x64
		{F9EFC263-A435-4FFA-B3E9-2B28DF918B29}.Debug|ARM64.ActiveCfg = Debug|x64
		{F9EFC263-A435-4FFA-B3E9-2B28DF918B29}.Debug|ARM64.Build.0 = Debug|x64
		{F9EFC263-A435-4FFA-B3E9-2B28DF918B29}.Debug|x64.ActiveCfg = Debug|x64
		{F9EFC263-A435-4FFA-B3E9-2B28DF918B29}.Debug|x64.Build.0 = Debug|x64
		{F9EFC263-A435-4FFA-B3E9-2B28DF918B29}.Debug|x86.ActiveCfg = Debug|Win32
		{F9EFC263-A435-4FFA-B3E9-2B28DF918B29}.Debug|x86.Build.0 = Debug|Win32
		{F9EFC263-A435-4FFA-B3E9-2B28DF918B29}.Release|ARM.ActiveCfg = Release|x64
		{F9EFC263-A435-4FFA-B3E9-2B28DF918B29}.Release|ARM.Build.0 = Release|x64
		{F9EFC263-A435-4FFA-B3E9-2B28DF918B29}.Release|ARM64.ActiveCfg = Release|x64
		{F9EFC263-A435-4FFA-B3E9-2B28DF918B29}.Release|ARM64.Build.0 = Release|x64
		{F9EFC263-A435-4FFA-B3E9-2B28DF918B29}.Release|x64.ActiveCfg = Release|x64
		{F9EFC263-A435-4FFA-B3E9-2B28DF918B29}.Release|x64.Build.0 = Release|x64
		{F9EFC263-A435-4FFA-B3E9-2B28DF918B29}.Release|x86.ActiveCfg = Release|Win32
		{F9EFC263-A435-4FFA-B3E9-2B28DF918B29}.Release|x86.Build.0 = Release|Win32
		{B3D47855-A708-4248-A42E-877870D4167B}.Debug|ARM.ActiveCfg = Debug|ARM
		{B3D47855-A708-4248-A42E-877870D4167B}.Debug|ARM.Build.0 = Debug|ARM
		{B3D47855-A708-4248-A42E-877870D4167B}.Debug|ARM.Deploy.0 = Debug|ARM
		{B3D47855-A708-4248-A42E-877870D4167B}.Debug|ARM64.ActiveCfg = Debug|ARM64
		{B3D47855-A708-4248-A42E-877870D4167B}.Debug|ARM64.Build.0 = Debug|ARM64
		{B3D47855-A708-4248-A42E-877870D4167B}.Debug|ARM64.Deploy.0 = Debug|ARM64
		{B3D47855-A708-4248-A42E-877870D4167B}.Debug|x64.ActiveCfg = Debug|x64
		{B3D47855-A708-4248-A42E-877870D4167B}.Debug|x64.Build.0 = Debug|x64
		{B3D47855-A708-4248-A42E-877870D4167B}.Debug|x64.Deploy.0 = Debug|x64
		{B3D47855-A708-4248-A42E-877870D4167B}.Debug|x86.ActiveCfg = Debug|x86
		{B3D47855-A708-4248-A42E-877870D4167B}.Debug|x86.Build.0 = Debug|x86
		{B3D47855-A708-4248-A42E-877870D4167B}.Debug|x86.Deploy.0 = Debug|x86
		{B3D47855-A708-4248-A42E-877870D4167B}.Release|ARM.ActiveCfg = Release|ARM
		{B3D47855-A708-4248-A42E-877870D4167B}.Release|ARM.Build.0 = Release|ARM
		{B3D47855-A708-4248-A42E-877870D4167B}.Release|ARM.Deploy.0 = Release|ARM
		{B3D47855-A708-4248-A42E-877870D4167B}.Release|ARM64.ActiveCfg = Release|ARM64
		{B3D47855-A708-4248-A42E-877870D4167B}.Release|ARM64.Build.0 = Release|ARM64
		{B3D47855-A708-4248-A42E-877870D4167B}.Release|ARM64.Deploy.0 = Release|ARM64
		{B3D47855-A708-4248-A42E-877870D4167B}.Release|x64.ActiveCfg = Release|x64
		{B3D47855-A708-4248-A42E-877870D4167B}.Release|x64.Build.0 = Release|x64
		{B3D47855-A708-4248-A42E-877870D4167B}.Release|x64.Deploy.0 = Release|x64
		{B3D47855-A708-4248-A42E-877870D4167B}.Release|x86.ActiveCfg = Release|x86
		{B3D47855-A708-4248-A42E-877870D4167B}.Release|x86.Build.0 = Release|x86
		{B3D47855-A708-4248-A42E-877870D4167B}.Release|x86.Deploy.0 = Release|x86
	EndGlobalSection
	GlobalSection(SolutionProperties) = preSolution
		HideSolutionNode = FALSE
	EndGlobalSection
	GlobalSection(ExtensibilityGlobals) = postSolution
		SolutionGuid = {F3650A6F-9681-47A8-A976-D1ED111C8DA4}
	EndGlobalSection
EndGlobal
