
Microsoft Visual Studio Solution File, Format Version 12.00
# Visual Studio Version 17
VisualStudioVersion = 17.4.33213.308
MinimumVisualStudioVersion = 10.0.40219.1
Project("{8BC9CEB8-8B4A-11D0-8D11-00A0C91BC942}") = "LeonardoAi", "LeonardoAi\LeonardoAi.vcxproj", "{6065E741-45F5-4EDC-8583-D513CFE48A0B}"
EndProject
Project("{8BC9CEB8-8B4A-11D0-8D11-00A0C91BC942}") = "LeonardoEngine", "LeonardoEngine\LeonardoEngine.vcxproj", "{16B21464-EAA5-4067-B870-DAE866EC8F6B}"
EndProject
Project("{8BC9CEB8-8B4A-11D0-8D11-00A0C91BC942}") = "LeonardoEngineTest", "LeonardoEngineTest\LeonardoEngineTest.vcxproj", "{5C2B7CEC-CE12-4A7E-9EF7-DDC5BC565637}"
EndProject
Project("{8BC9CEB8-8B4A-11D0-8D11-00A0C91BC942}") = "MockChessEngine", "MockChessEngine\MockChessEngine.vcxproj", "{944091FE-C183-4DDF-B910-12047D02ED20}"
EndProject
Global
	GlobalSection(SolutionConfigurationPlatforms) = preSolution
		Debug|x64 = Debug|x64
		Debug|x86 = Debug|x86
		Release|x64 = Release|x64
		Release|x86 = Release|x86
	EndGlobalSection
	GlobalSection(ProjectConfigurationPlatforms) = postSolution
		{6065E741-45F5-4EDC-8583-D513CFE48A0B}.Debug|x64.ActiveCfg = Debug|x64
		{6065E741-45F5-4EDC-8583-D513CFE48A0B}.Debug|x64.Build.0 = Debug|x64
		{6065E741-45F5-4EDC-8583-D513CFE48A0B}.Debug|x86.ActiveCfg = Debug|x64
		{6065E741-45F5-4EDC-8583-D513CFE48A0B}.Debug|x86.Build.0 = Debug|x64
		{6065E741-45F5-4EDC-8583-D513CFE48A0B}.Release|x64.ActiveCfg = Release|x64
		{6065E741-45F5-4EDC-8583-D513CFE48A0B}.Release|x64.Build.0 = Release|x64
		{6065E741-45F5-4EDC-8583-D513CFE48A0B}.Release|x86.ActiveCfg = Release|x64
		{6065E741-45F5-4EDC-8583-D513CFE48A0B}.Release|x86.Build.0 = Release|x64
		{16B21464-EAA5-4067-B870-DAE866EC8F6B}.Debug|x64.ActiveCfg = Debug|x64
		{16B21464-EAA5-4067-B870-DAE866EC8F6B}.Debug|x64.Build.0 = Debug|x64
		{16B21464-EAA5-4067-B870-DAE866EC8F6B}.Debug|x86.ActiveCfg = Debug|Win32
		{16B21464-EAA5-4067-B870-DAE866EC8F6B}.Debug|x86.Build.0 = Debug|Win32
		{16B21464-EAA5-4067-B870-DAE866EC8F6B}.Release|x64.ActiveCfg = Release|x64
		{16B21464-EAA5-4067-B870-DAE866EC8F6B}.Release|x64.Build.0 = Release|x64
		{16B21464-EAA5-4067-B870-DAE866EC8F6B}.Release|x86.ActiveCfg = Release|Win32
		{16B21464-EAA5-4067-B870-DAE866EC8F6B}.Release|x86.Build.0 = Release|Win32
		{5C2B7CEC-CE12-4A7E-9EF7-DDC5BC565637}.Debug|x64.ActiveCfg = Debug|x64
		{5C2B7CEC-CE12-4A7E-9EF7-DDC5BC565637}.Debug|x64.Build.0 = Debug|x64
		{5C2B7CEC-CE12-4A7E-9EF7-DDC5BC565637}.Debug|x86.ActiveCfg = Debug|Win32
		{5C2B7CEC-CE12-4A7E-9EF7-DDC5BC565637}.Debug|x86.Build.0 = Debug|Win32
		{5C2B7CEC-CE12-4A7E-9EF7-DDC5BC565637}.Release|x64.ActiveCfg = Release|x64
		{5C2B7CEC-CE12-4A7E-9EF7-DDC5BC565637}.Release|x64.Build.0 = Release|x64
		{5C2B7CEC-CE12-4A7E-9EF7-DDC5BC565637}.Release|x86.ActiveCfg = Release|Win32
		{5C2B7CEC-CE12-4A7E-9EF7-DDC5BC565637}.Release|x86.Build.0 = Release|Win32
		{944091FE-C183-4DDF-B910-12047D02ED20}.Debug|x64.ActiveCfg = Debug|x64
		{944091FE-C183-4DDF-B910-12047D02ED20}.Debug|x64.Build.0 = Debug|x64
		{944091FE-C183-4DDF-B910-12047D02ED20}.Debug|x86.ActiveCfg = Debug|Win32
		{944091FE-C183-4DDF-B910-12047D02ED20}.Debug|x86.Build.0 = Debug|Win32
		{944091FE-C183-4DDF-B910-12047D02ED20}.Release|x64.ActiveCfg = Release|x64
		{944091FE-C183-4DDF-B910-12047D02ED20}.Release|x64.Build.0 = Release|x64
		{944091FE-C183-4DDF-B910-12047D02ED20}.Release|x86.ActiveCfg = Release|Win32
		{944091FE-C183-4DDF-B910-12047D02ED20}.Release|x86.Build.0 = Release|Win32
	EndGlobalSection
	GlobalSection(SolutionProperties) = preSolution
		HideSolutionNode = FALSE
	EndGlobalSection
	GlobalSection(ExtensibilityGlobals) = postSolution
		SolutionGuid = {F3650A6F-9681-47A8-A976-D1ED111C8DA4}
	EndGlobalSection
EndGlobal
