<?xml version="1.0" encoding="utf-8"?>
<Project ToolsVersion="4.0" xmlns="http://schemas.microsoft.com/developer/msbuild/2003">
  <ItemGroup>
    <Filter Include="Source Files">
      <UniqueIdentifier>{4FC737F1-C7A5-4376-A066-2A32D752A2FF}</UniqueIdentifier>
      <Extensions>cpp;c;cc;cxx;c++;cppm;ixx;def;odl;idl;hpj;bat;asm;asmx</Extensions>
    </Filter>
    <Filter Include="Header Files">
      <UniqueIdentifier>{93995380-89BD-4b04-88EB-625FBE52EBFB}</UniqueIdentifier>
      <Extensions>h;hh;hpp;hxx;h++;hm;inl;inc;ipp;xsd</Extensions>
    </Filter>
    <Filter Include="Resource Files">
      <UniqueIdentifier>{67DA6AB6-F800-4c08-8B7A-83BB121AAD01}</UniqueIdentifier>
      <Extensions>rc;ico;cur;bmp;dlg;rc2;rct;bin;rgs;gif;jpg;jpeg;jpe;resx;tiff;tif;png;wav;mfcribbon-ms</Extensions>
    </Filter>
  </ItemGroup>
  <ItemGroup>
    <ClCompile Include="AiTest.cpp">
      <Filter>Source Files</Filter>
    </ClCompile>
    <ClCompile Include="..\MockChessEngine\AlphaBetaPruningBot.cpp">
      <Filter>Header Files</Filter>
    </ClCompile>
    <ClCompile Include="..\MockChessEngine\BitBoard.cpp">
      <Filter>Header Files</Filter>
    </ClCompile>
    <ClCompile Include="..\MockChessEngine\BoardRepresentation.cpp">
      <Filter>Header Files</Filter>
    </ClCompile>
    <ClCompile Include="..\MockChessEngine\ChessBoard.cpp">
      <Filter>Header Files</Filter>
    </ClCompile>
    <ClCompile Include="..\MockChessEngine\ChessPiece.cpp">
      <Filter>Header Files</Filter>
    </ClCompile>
    <ClCompile Include="..\MockChessEngine\Constants.cpp">
      <Filter>Header Files</Filter>
    </ClCompile>
    <ClCompile Include="..\MockChessEngine\DataAndTypes.cpp">
      <Filter>Header Files</Filter>
    </ClCompile>
    <ClCompile Include="..\MockChessEngine\Game.cpp">
      <Filter>Header Files</Filter>
    </ClCompile>
    <ClCompile Include="..\MockChessEngine\HelpMethods.cpp">
      <Filter>Header Files</Filter>
    </ClCompile>
    <ClCompile Include="..\MockChessEngine\HumanPlayer.cpp">
      <Filter>Header Files</Filter>
    </ClCompile>
    <ClCompile Include="..\MockChessEngine\Medicrius.cpp">
      <Filter>Header Files</Filter>
    </ClCompile>
    <ClCompile Include="..\MockChessEngine\Move.cpp">
      <Filter>Header Files</Filter>
    </ClCompile>
    <ClCompile Include="..\MockChessEngine\MoveCastle.cpp">
      <Filter>Header Files</Filter>
    </ClCompile>
    <ClCompile Include="..\MockChessEngine\MoveDoublePawn.cpp">
      <Filter>Header Files</Filter>
    </ClCompile>
    <ClCompile Include="..\MockChessEngine\MoveEnPassant.cpp">
      <Filter>Header Files</Filter>
    </ClCompile>
    <ClCompile Include="..\MockChessEngine\MovePromote.cpp">
      <Filter>Header Files</Filter>
    </ClCompile>
    <ClCompile Include="..\MockChessEngine\Player.cpp">
      <Filter>Header Files</Filter>
    </ClCompile>
    <ClCompile Include="..\MockChessEngine\RandomPlayer.cpp">
      <Filter>Header Files</Filter>
    </ClCompile>
    <ClCompile Include="..\LeonardoAi\NeuroFox\convolutional_layer.cpp">
      <Filter>Header Files</Filter>
    </ClCompile>
    <ClCompile Include="..\LeonardoAi\NeuroFox\data_space.cpp">
      <Filter>Header Files</Filter>
    </ClCompile>
    <ClCompile Include="..\LeonardoAi\NeuroFox\fully_connected_layer.cpp">
      <Filter>Header Files</Filter>
    </ClCompile>
    <ClCompile Include="..\LeonardoAi\NeuroFox\layer.cpp">
      <Filter>Header Files</Filter>
    </ClCompile>
    <ClCompile Include="..\LeonardoAi\NeuroFox\math_functions.cpp">
      <Filter>Header Files</Filter>
    </ClCompile>
    <ClCompile Include="..\LeonardoAi\NeuroFox\matrix.cpp">
      <Filter>Header Files</Filter>
    </ClCompile>
    <ClCompile Include="..\LeonardoAi\NeuroFox\neural_network.cpp">
      <Filter>Header Files</Filter>
    </ClCompile>
    <ClCompile Include="..\LeonardoAi\NeuroFox\pooling_layer.cpp">
      <Filter>Header Files</Filter>
    </ClCompile>
    <ClCompile Include="..\LeonardoAi\NeuroFox\test_result.cpp">
      <Filter>Header Files</Filter>
    </ClCompile>
    <ClCompile Include="..\LeonardoAi\NeuroFox\util.cpp">
      <Filter>Header Files</Filter>
    </ClCompile>
    <ClCompile Include="..\LeonardoAi\NeuroFox\vector3.cpp">
      <Filter>Header Files</Filter>
    </ClCompile>
  </ItemGroup>
  <ItemGroup>
    <ClInclude Include="..\MockChessEngine\AlphaBetaPruningBot.h">
      <Filter>Header Files</Filter>
    </ClInclude>
    <ClInclude Include="..\MockChessEngine\BitBoard.h">
      <Filter>Header Files</Filter>
    </ClInclude>
    <ClInclude Include="..\MockChessEngine\BoardRepresentation.h">
      <Filter>Header Files</Filter>
    </ClInclude>
    <ClInclude Include="..\MockChessEngine\ChessBoard.h">
      <Filter>Header Files</Filter>
    </ClInclude>
    <ClInclude Include="..\MockChessEngine\ChessPiece.h">
      <Filter>Header Files</Filter>
    </ClInclude>
    <ClInclude Include="..\MockChessEngine\Constants.h">
      <Filter>Header Files</Filter>
    </ClInclude>
    <ClInclude Include="..\MockChessEngine\DataAndTypes.h">
      <Filter>Header Files</Filter>
    </ClInclude>
    <ClInclude Include="..\MockChessEngine\Game.h">
      <Filter>Header Files</Filter>
    </ClInclude>
    <ClInclude Include="..\MockChessEngine\HelpMethods.h">
      <Filter>Header Files</Filter>
    </ClInclude>
    <ClInclude Include="..\MockChessEngine\HumanPlayer.h">
      <Filter>Header Files</Filter>
    </ClInclude>
    <ClInclude Include="..\MockChessEngine\Medicrius.h">
      <Filter>Header Files</Filter>
    </ClInclude>
    <ClInclude Include="..\MockChessEngine\Move.h">
      <Filter>Header Files</Filter>
    </ClInclude>
    <ClInclude Include="..\MockChessEngine\MoveCastle.h">
      <Filter>Header Files</Filter>
    </ClInclude>
    <ClInclude Include="..\MockChessEngine\MoveDoublePawn.h">
      <Filter>Header Files</Filter>
    </ClInclude>
    <ClInclude Include="..\MockChessEngine\MoveEnPassant.h">
      <Filter>Header Files</Filter>
    </ClInclude>
    <ClInclude Include="..\MockChessEngine\MovePromote.h">
      <Filter>Header Files</Filter>
    </ClInclude>
    <ClInclude Include="..\MockChessEngine\Player.h">
      <Filter>Header Files</Filter>
    </ClInclude>
    <ClInclude Include="..\MockChessEngine\RandomPlayer.h">
      <Filter>Header Files</Filter>
    </ClInclude>
    <ClInclude Include="..\LeonardoAi\NeuroFox\convolutional_layer.hpp">
      <Filter>Header Files</Filter>
    </ClInclude>
    <ClInclude Include="..\LeonardoAi\NeuroFox\data_space.hpp">
      <Filter>Header Files</Filter>
    </ClInclude>
    <ClInclude Include="..\LeonardoAi\NeuroFox\enum_space.hpp">
      <Filter>Header Files</Filter>
    </ClInclude>
    <ClInclude Include="..\LeonardoAi\NeuroFox\fully_connected_layer.hpp">
      <Filter>Header Files</Filter>
    </ClInclude>
    <ClInclude Include="..\LeonardoAi\NeuroFox\layer.hpp">
      <Filter>Header Files</Filter>
    </ClInclude>
    <ClInclude Include="..\LeonardoAi\NeuroFox\math_functions.hpp">
      <Filter>Header Files</Filter>
    </ClInclude>
    <ClInclude Include="..\LeonardoAi\NeuroFox\matrix.hpp">
      <Filter>Header Files</Filter>
    </ClInclude>
    <ClInclude Include="..\LeonardoAi\NeuroFox\neural_network.hpp">
      <Filter>Header Files</Filter>
    </ClInclude>
    <ClInclude Include="..\LeonardoAi\NeuroFox\pooling_layer.hpp">
      <Filter>Header Files</Filter>
    </ClInclude>
    <ClInclude Include="..\LeonardoAi\NeuroFox\test_result.hpp">
      <Filter>Header Files</Filter>
    </ClInclude>
    <ClInclude Include="..\LeonardoAi\NeuroFox\util.hpp">
      <Filter>Header Files</Filter>
    </ClInclude>
    <ClInclude Include="..\LeonardoAi\NeuroFox\vector3.hpp">
      <Filter>Header Files</Filter>
    </ClInclude>
  </ItemGroup>
  <ItemGroup>
    <None Include="..\LeonardoAi\NeuroFox\gpu_math.cu">
      <Filter>Header Files</Filter>
    </None>
    <None Include="..\LeonardoAi\NeuroFox\gpu_math.cuh">
      <Filter>Header Files</Filter>
    </None>
  </ItemGroup>
</Project>