<?xml version="1.0" encoding="utf-8"?>
<Project ToolsVersion="4.0" xmlns="http://schemas.microsoft.com/developer/msbuild/2003">
  <ItemGroup>
    <Filter Include="header">
      <UniqueIdentifier>{6aadb53e-e8fb-4b9d-86c0-e13e00fef4ca}</UniqueIdentifier>
    </Filter>
    <Filter Include="source">
      <UniqueIdentifier>{924db23e-7e3e-4b34-af6c-d02877302192}</UniqueIdentifier>
    </Filter>
    <Filter Include="source\nnet">
      <UniqueIdentifier>{c6128192-9445-4907-ac30-455d3ac1e238}</UniqueIdentifier>
    </Filter>
    <Filter Include="header\nnet">
      <UniqueIdentifier>{6d3863ff-9832-452b-9ffb-4e9f12a90b17}</UniqueIdentifier>
    </Filter>
    <Filter Include="header\sf">
      <UniqueIdentifier>{73b6557f-780d-4162-beb5-b98f720aff5c}</UniqueIdentifier>
    </Filter>
    <Filter Include="sf">
      <UniqueIdentifier>{abe71d9b-5af9-4a31-bdd5-389e6f46d8b6}</UniqueIdentifier>
    </Filter>
    <Filter Include="header\leonardo_value_bot">
      <UniqueIdentifier>{92ec8588-1412-4099-97e0-50452c615434}</UniqueIdentifier>
    </Filter>
    <Filter Include="source\leonardo_value_bot">
      <UniqueIdentifier>{8334a3bb-34eb-4e79-905d-15ebda54241c}</UniqueIdentifier>
    </Filter>
    <Filter Include="header\chess_util">
      <UniqueIdentifier>{1c51a7a6-755f-41ec-b2b1-1e30b4db1011}</UniqueIdentifier>
    </Filter>
    <Filter Include="source\chess_util">
      <UniqueIdentifier>{1d4b3147-67db-47c8-a698-e0224e043625}</UniqueIdentifier>
    </Filter>
  </ItemGroup>
  <ItemGroup>
    <ClCompile Include="NeuroFox\convolutional_layer.cpp">
      <Filter>source\nnet</Filter>
    </ClCompile>
    <ClCompile Include="NeuroFox\data_space.cpp">
      <Filter>source\nnet</Filter>
    </ClCompile>
    <ClCompile Include="NeuroFox\fully_connected_layer.cpp">
      <Filter>source\nnet</Filter>
    </ClCompile>
    <ClCompile Include="NeuroFox\layer.cpp">
      <Filter>source\nnet</Filter>
    </ClCompile>
    <ClCompile Include="NeuroFox\math_functions.cpp">
      <Filter>source\nnet</Filter>
    </ClCompile>
    <ClCompile Include="NeuroFox\matrix.cpp">
      <Filter>source\nnet</Filter>
    </ClCompile>
    <ClCompile Include="NeuroFox\pooling_layer.cpp">
      <Filter>source\nnet</Filter>
    </ClCompile>
    <ClCompile Include="NeuroFox\neural_network.cpp">
      <Filter>source\nnet</Filter>
    </ClCompile>
    <ClCompile Include="NeuroFox\test_result.cpp">
      <Filter>source\nnet</Filter>
    </ClCompile>
    <ClCompile Include="NeuroFox\util.cpp">
      <Filter>source\nnet</Filter>
    </ClCompile>
    <ClCompile Include="NeuroFox\vector3.cpp">
      <Filter>source\nnet</Filter>
    </ClCompile>
    <ClCompile Include="leonardo_overlord.cpp">
      <Filter>source</Filter>
    </ClCompile>
    <ClCompile Include="leonardo_policy_bot.cpp">
      <Filter>source</Filter>
    </ClCompile>
    <ClCompile Include="leonardo_util.cpp">
      <Filter>source</Filter>
    </ClCompile>
    <ClCompile Include="main.cpp">
      <Filter>source</Filter>
    </ClCompile>
    <ClCompile Include="..\StockFish\benchmark.cpp">
      <Filter>header\sf</Filter>
    </ClCompile>
    <ClCompile Include="..\StockFish\bitbase.cpp">
      <Filter>header\sf</Filter>
    </ClCompile>
    <ClCompile Include="..\StockFish\bitboard.cpp">
      <Filter>header\sf</Filter>
    </ClCompile>
    <ClCompile Include="..\StockFish\endgame.cpp">
      <Filter>header\sf</Filter>
    </ClCompile>
    <ClCompile Include="..\StockFish\evaluate.cpp">
      <Filter>header\sf</Filter>
    </ClCompile>
    <ClCompile Include="..\StockFish\material.cpp">
      <Filter>header\sf</Filter>
    </ClCompile>
    <ClCompile Include="..\StockFish\misc.cpp">
      <Filter>header\sf</Filter>
    </ClCompile>
    <ClCompile Include="..\StockFish\movegen.cpp">
      <Filter>header\sf</Filter>
    </ClCompile>
    <ClCompile Include="..\StockFish\movepick.cpp">
      <Filter>header\sf</Filter>
    </ClCompile>
    <ClCompile Include="..\StockFish\pawns.cpp">
      <Filter>header\sf</Filter>
    </ClCompile>
    <ClCompile Include="..\StockFish\position.cpp">
      <Filter>header\sf</Filter>
    </ClCompile>
    <ClCompile Include="..\StockFish\psqt.cpp">
      <Filter>header\sf</Filter>
    </ClCompile>
    <ClCompile Include="..\StockFish\search.cpp">
      <Filter>header\sf</Filter>
    </ClCompile>
    <ClCompile Include="..\StockFish\thread.cpp">
      <Filter>header\sf</Filter>
    </ClCompile>
    <ClCompile Include="..\StockFish\timeman.cpp">
      <Filter>header\sf</Filter>
    </ClCompile>
    <ClCompile Include="..\StockFish\tt.cpp">
      <Filter>header\sf</Filter>
    </ClCompile>
    <ClCompile Include="..\StockFish\tune.cpp">
      <Filter>header\sf</Filter>
    </ClCompile>
    <ClCompile Include="..\StockFish\uci.cpp">
      <Filter>header\sf</Filter>
    </ClCompile>
    <ClCompile Include="..\StockFish\ucioption.cpp">
      <Filter>header\sf</Filter>
    </ClCompile>
    <ClCompile Include="..\StockFish\nnue\evaluate_nnue.cpp">
      <Filter>sf</Filter>
    </ClCompile>
    <ClCompile Include="..\StockFish\nnue\features\half_ka_v2_hm.cpp">
      <Filter>sf</Filter>
    </ClCompile>
    <ClCompile Include="..\StockFish\syzygy\tbprobe.cpp">
      <Filter>sf</Filter>
    </ClCompile>
    <ClCompile Include="stockfish_interface.cpp">
      <Filter>source</Filter>
    </ClCompile>
    <ClCompile Include="leonardo_value_bot.cpp">
      <Filter>source\leonardo_value_bot</Filter>
    </ClCompile>
    <ClCompile Include="leonardo_value_bot_1.cpp">
      <Filter>source\leonardo_value_bot</Filter>
    </ClCompile>
    <ClCompile Include="leonardo_value_bot_2.cpp">
      <Filter>source\leonardo_value_bot</Filter>
    </ClCompile>
    <ClCompile Include="leonardo_value_bot_3.cpp">
      <Filter>source\leonardo_value_bot</Filter>
    </ClCompile>
    <ClCompile Include="chess_game.cpp">
      <Filter>source\chess_util</Filter>
    </ClCompile>
    <ClCompile Include="random_player.cpp">
      <Filter>source\chess_util</Filter>
    </ClCompile>
    <ClCompile Include="NeuroFox\softmax_layer.cpp">
      <Filter>source\nnet</Filter>
    </ClCompile>
  </ItemGroup>
  <ItemGroup>
    <ClInclude Include="NeuroFox\convolutional_layer.hpp">
      <Filter>header\nnet</Filter>
    </ClInclude>
    <ClInclude Include="NeuroFox\data_space.hpp">
      <Filter>header\nnet</Filter>
    </ClInclude>
    <ClInclude Include="NeuroFox\enum_space.hpp">
      <Filter>header\nnet</Filter>
    </ClInclude>
    <ClInclude Include="NeuroFox\fully_connected_layer.hpp">
      <Filter>header\nnet</Filter>
    </ClInclude>
    <ClInclude Include="NeuroFox\gpu_math.cuh">
      <Filter>header\nnet</Filter>
    </ClInclude>
    <ClInclude Include="NeuroFox\layer.hpp">
      <Filter>header\nnet</Filter>
    </ClInclude>
    <ClInclude Include="NeuroFox\matrix.hpp">
      <Filter>header\nnet</Filter>
    </ClInclude>
    <ClInclude Include="NeuroFox\math_functions.hpp">
      <Filter>header\nnet</Filter>
    </ClInclude>
    <ClInclude Include="NeuroFox\neural_network.hpp">
      <Filter>header\nnet</Filter>
    </ClInclude>
    <ClInclude Include="NeuroFox\pooling_layer.hpp">
      <Filter>header\nnet</Filter>
    </ClInclude>
    <ClInclude Include="NeuroFox\test_result.hpp">
      <Filter>header\nnet</Filter>
    </ClInclude>
    <ClInclude Include="NeuroFox\util.hpp">
      <Filter>header\nnet</Filter>
    </ClInclude>
    <ClInclude Include="NeuroFox\vector3.hpp">
      <Filter>header\nnet</Filter>
    </ClInclude>
    <ClInclude Include="leonardo_overlord.hpp">
      <Filter>header</Filter>
    </ClInclude>
    <ClInclude Include="leonardo_policy_bot.hpp">
      <Filter>header</Filter>
    </ClInclude>
    <ClInclude Include="leonardo_util.hpp">
      <Filter>header</Filter>
    </ClInclude>
    <ClInclude Include="NeuroFox\assert_throw.hpp">
      <Filter>header\nnet</Filter>
    </ClInclude>
    <ClInclude Include="..\StockFish\benchmark.h">
      <Filter>header\sf</Filter>
    </ClInclude>
    <ClInclude Include="..\StockFish\bitboard.h">
      <Filter>header\sf</Filter>
    </ClInclude>
    <ClInclude Include="..\StockFish\endgame.h">
      <Filter>header\sf</Filter>
    </ClInclude>
    <ClInclude Include="..\StockFish\evaluate.h">
      <Filter>header\sf</Filter>
    </ClInclude>
    <ClInclude Include="..\StockFish\material.h">
      <Filter>header\sf</Filter>
    </ClInclude>
    <ClInclude Include="..\StockFish\misc.h">
      <Filter>header\sf</Filter>
    </ClInclude>
    <ClInclude Include="..\StockFish\movegen.h">
      <Filter>header\sf</Filter>
    </ClInclude>
    <ClInclude Include="..\StockFish\movepick.h">
      <Filter>header\sf</Filter>
    </ClInclude>
    <ClInclude Include="..\StockFish\pawns.h">
      <Filter>header\sf</Filter>
    </ClInclude>
    <ClInclude Include="..\StockFish\position.h">
      <Filter>header\sf</Filter>
    </ClInclude>
    <ClInclude Include="..\StockFish\psqt.h">
      <Filter>header\sf</Filter>
    </ClInclude>
    <ClInclude Include="..\StockFish\search.h">
      <Filter>header\sf</Filter>
    </ClInclude>
    <ClInclude Include="..\StockFish\thread.h">
      <Filter>header\sf</Filter>
    </ClInclude>
    <ClInclude Include="..\StockFish\thread_win32_osx.h">
      <Filter>header\sf</Filter>
    </ClInclude>
    <ClInclude Include="..\StockFish\timeman.h">
      <Filter>header\sf</Filter>
    </ClInclude>
    <ClInclude Include="..\StockFish\tt.h">
      <Filter>header\sf</Filter>
    </ClInclude>
    <ClInclude Include="..\StockFish\tune.h">
      <Filter>header\sf</Filter>
    </ClInclude>
    <ClInclude Include="..\StockFish\types.h">
      <Filter>header\sf</Filter>
    </ClInclude>
    <ClInclude Include="..\StockFish\uci.h">
      <Filter>header\sf</Filter>
    </ClInclude>
    <ClInclude Include="..\StockFish\nnue\layers\affine_transform.h">
      <Filter>sf</Filter>
    </ClInclude>
    <ClInclude Include="..\StockFish\nnue\layers\affine_transform_sparse_input.h">
      <Filter>sf</Filter>
    </ClInclude>
    <ClInclude Include="..\StockFish\nnue\layers\clipped_relu.h">
      <Filter>sf</Filter>
    </ClInclude>
    <ClInclude Include="..\StockFish\nnue\evaluate_nnue.h">
      <Filter>sf</Filter>
    </ClInclude>
    <ClInclude Include="..\StockFish\nnue\features\half_ka_v2_hm.h">
      <Filter>sf</Filter>
    </ClInclude>
    <ClInclude Include="..\StockFish\incbin\incbin.h">
      <Filter>sf</Filter>
    </ClInclude>
    <ClInclude Include="..\StockFish\nnue\nnue_architecture.h">
      <Filter>sf</Filter>
    </ClInclude>
    <ClInclude Include="..\StockFish\nnue\nnue_accumulator.h">
      <Filter>sf</Filter>
    </ClInclude>
    <ClInclude Include="..\StockFish\nnue\nnue_common.h">
      <Filter>sf</Filter>
    </ClInclude>
    <ClInclude Include="..\StockFish\nnue\nnue_feature_transformer.h">
      <Filter>sf</Filter>
    </ClInclude>
    <ClInclude Include="..\StockFish\nnue\layers\simd.h">
      <Filter>sf</Filter>
    </ClInclude>
    <ClInclude Include="..\StockFish\nnue\layers\sqr_clipped_relu.h">
      <Filter>sf</Filter>
    </ClInclude>
    <ClInclude Include="..\StockFish\syzygy\tbprobe.h">
      <Filter>sf</Filter>
    </ClInclude>
    <ClInclude Include="stockfish_interface.hpp">
      <Filter>header</Filter>
    </ClInclude>
    <ClInclude Include="leonardo_value_bot.hpp">
      <Filter>header\leonardo_value_bot</Filter>
    </ClInclude>
    <ClInclude Include="leonardo_value_bot_1.hpp">
      <Filter>header\leonardo_value_bot</Filter>
    </ClInclude>
    <ClInclude Include="leonardo_value_bot_2.hpp">
      <Filter>header\leonardo_value_bot</Filter>
    </ClInclude>
    <ClInclude Include="leonardo_value_bot_3.hpp">
      <Filter>header\leonardo_value_bot</Filter>
    </ClInclude>
    <ClInclude Include="chess_game.hpp">
      <Filter>header\chess_util</Filter>
    </ClInclude>
    <ClInclude Include="chess_player.hpp">
      <Filter>header\chess_util</Filter>
    </ClInclude>
    <ClInclude Include="random_player.hpp">
      <Filter>header\chess_util</Filter>
    </ClInclude>
    <ClInclude Include="NeuroFox\softmax_layer.hpp">
      <Filter>header\nnet</Filter>
    </ClInclude>
  </ItemGroup>
  <ItemGroup>
    <CudaCompile Include="NeuroFox\gpu_math.cu">
      <Filter>source\nnet</Filter>
    </CudaCompile>
  </ItemGroup>
  <ItemGroup>
    <None Include="..\StockFish\Makefile">
      <Filter>header\sf</Filter>
    </None>
  </ItemGroup>
</Project>