<?xml version="1.0" encoding="utf-8"?>
<Project ToolsVersion="4.0" xmlns="http://schemas.microsoft.com/developer/msbuild/2003">
  <ItemGroup>
    <Filter Include="header">
      <UniqueIdentifier>{6aadb53e-e8fb-4b9d-86c0-e13e00fef4ca}</UniqueIdentifier>
    </Filter>
    <Filter Include="source">
      <UniqueIdentifier>{924db23e-7e3e-4b34-af6c-d02877302192}</UniqueIdentifier>
    </Filter>
    <Filter Include="header\chess">
      <UniqueIdentifier>{56533dc7-8779-4079-9865-c1ff683259c4}</UniqueIdentifier>
    </Filter>
    <Filter Include="source\chess">
      <UniqueIdentifier>{42ffdad0-ef07-45cf-ba82-ea0014250b8b}</UniqueIdentifier>
    </Filter>
    <Filter Include="source\nnet">
      <UniqueIdentifier>{c6128192-9445-4907-ac30-455d3ac1e238}</UniqueIdentifier>
    </Filter>
    <Filter Include="header\nnet">
      <UniqueIdentifier>{6d3863ff-9832-452b-9ffb-4e9f12a90b17}</UniqueIdentifier>
    </Filter>
  </ItemGroup>
  <ItemGroup>
    <ClCompile Include="NeuroFox\convolutional_layer.cpp">
      <Filter>source\nnet</Filter>
    </ClCompile>
    <ClCompile Include="NeuroFox\data_space.cpp">
      <Filter>source\nnet</Filter>
    </ClCompile>
    <ClCompile Include="NeuroFox\fully_connected_layer.cpp">
      <Filter>source\nnet</Filter>
    </ClCompile>
    <ClCompile Include="NeuroFox\layer.cpp">
      <Filter>source\nnet</Filter>
    </ClCompile>
    <ClCompile Include="NeuroFox\math_functions.cpp">
      <Filter>source\nnet</Filter>
    </ClCompile>
    <ClCompile Include="NeuroFox\matrix.cpp">
      <Filter>source\nnet</Filter>
    </ClCompile>
    <ClCompile Include="NeuroFox\pooling_layer.cpp">
      <Filter>source\nnet</Filter>
    </ClCompile>
    <ClCompile Include="NeuroFox\neural_network.cpp">
      <Filter>source\nnet</Filter>
    </ClCompile>
    <ClCompile Include="NeuroFox\test_result.cpp">
      <Filter>source\nnet</Filter>
    </ClCompile>
    <ClCompile Include="NeuroFox\util.cpp">
      <Filter>source\nnet</Filter>
    </ClCompile>
    <ClCompile Include="NeuroFox\vector3.cpp">
      <Filter>source\nnet</Filter>
    </ClCompile>
    <ClCompile Include="leonardo_overlord.cpp">
      <Filter>source</Filter>
    </ClCompile>
    <ClCompile Include="chess_arena.cpp">
      <Filter>source\chess</Filter>
    </ClCompile>
    <ClCompile Include="..\MockChessEngine\RandomPlayer.cpp">
      <Filter>source\chess</Filter>
    </ClCompile>
    <ClCompile Include="..\MockChessEngine\Player.cpp">
      <Filter>source\chess</Filter>
    </ClCompile>
    <ClCompile Include="..\MockChessEngine\MovePromote.cpp">
      <Filter>source\chess</Filter>
    </ClCompile>
    <ClCompile Include="..\MockChessEngine\MoveEnPassant.cpp">
      <Filter>source\chess</Filter>
    </ClCompile>
    <ClCompile Include="..\MockChessEngine\MoveDoublePawn.cpp">
      <Filter>source\chess</Filter>
    </ClCompile>
    <ClCompile Include="..\MockChessEngine\MoveCastle.cpp">
      <Filter>source\chess</Filter>
    </ClCompile>
    <ClCompile Include="..\MockChessEngine\Move.cpp">
      <Filter>source\chess</Filter>
    </ClCompile>
    <ClCompile Include="..\MockChessEngine\HumanPlayer.cpp">
      <Filter>source\chess</Filter>
    </ClCompile>
    <ClCompile Include="..\MockChessEngine\HelpMethods.cpp">
      <Filter>source\chess</Filter>
    </ClCompile>
    <ClCompile Include="..\MockChessEngine\Game.cpp">
      <Filter>source\chess</Filter>
    </ClCompile>
    <ClCompile Include="..\MockChessEngine\DataAndTypes.cpp">
      <Filter>source\chess</Filter>
    </ClCompile>
    <ClCompile Include="..\MockChessEngine\BoardRepresentation.cpp">
      <Filter>source\chess</Filter>
    </ClCompile>
    <ClCompile Include="..\MockChessEngine\ChessBoard.cpp">
      <Filter>source\chess</Filter>
    </ClCompile>
    <ClCompile Include="..\MockChessEngine\ChessPiece.cpp">
      <Filter>source\chess</Filter>
    </ClCompile>
    <ClCompile Include="..\MockChessEngine\Constants.cpp">
      <Filter>source\chess</Filter>
    </ClCompile>
    <ClCompile Include="..\MockChessEngine\BitBoard.cpp">
      <Filter>source\chess</Filter>
    </ClCompile>
    <ClCompile Include="..\MockChessEngine\AlphaBetaPruningBot.cpp">
      <Filter>source\chess</Filter>
    </ClCompile>
    <ClCompile Include="..\MockChessEngine\Medicrius.cpp">
      <Filter>source\chess</Filter>
    </ClCompile>
    <ClCompile Include="leonardo_bot.cpp">
      <Filter>source</Filter>
    </ClCompile>
    <ClCompile Include="leonardo_util.cpp">
      <Filter>source</Filter>
    </ClCompile>
    <ClCompile Include="main.cpp">
      <Filter>source</Filter>
    </ClCompile>
  </ItemGroup>
  <ItemGroup>
    <ClInclude Include="NeuroFox\convolutional_layer.hpp">
      <Filter>header\nnet</Filter>
    </ClInclude>
    <ClInclude Include="NeuroFox\data_space.hpp">
      <Filter>header\nnet</Filter>
    </ClInclude>
    <ClInclude Include="NeuroFox\enum_space.hpp">
      <Filter>header\nnet</Filter>
    </ClInclude>
    <ClInclude Include="NeuroFox\fully_connected_layer.hpp">
      <Filter>header\nnet</Filter>
    </ClInclude>
    <ClInclude Include="NeuroFox\gpu_math.cuh">
      <Filter>header\nnet</Filter>
    </ClInclude>
    <ClInclude Include="NeuroFox\layer.hpp">
      <Filter>header\nnet</Filter>
    </ClInclude>
    <ClInclude Include="NeuroFox\matrix.hpp">
      <Filter>header\nnet</Filter>
    </ClInclude>
    <ClInclude Include="NeuroFox\math_functions.hpp">
      <Filter>header\nnet</Filter>
    </ClInclude>
    <ClInclude Include="NeuroFox\neural_network.hpp">
      <Filter>header\nnet</Filter>
    </ClInclude>
    <ClInclude Include="NeuroFox\pooling_layer.hpp">
      <Filter>header\nnet</Filter>
    </ClInclude>
    <ClInclude Include="NeuroFox\test_result.hpp">
      <Filter>header\nnet</Filter>
    </ClInclude>
    <ClInclude Include="NeuroFox\util.hpp">
      <Filter>header\nnet</Filter>
    </ClInclude>
    <ClInclude Include="NeuroFox\vector3.hpp">
      <Filter>header\nnet</Filter>
    </ClInclude>
    <ClInclude Include="leonardo_overlord.hpp">
      <Filter>header</Filter>
    </ClInclude>
    <ClInclude Include="chess_arena.hpp">
      <Filter>header\chess</Filter>
    </ClInclude>
    <ClInclude Include="..\MockChessEngine\BitBoard.h">
      <Filter>header\chess</Filter>
    </ClInclude>
    <ClInclude Include="..\MockChessEngine\BoardRepresentation.h">
      <Filter>header\chess</Filter>
    </ClInclude>
    <ClInclude Include="..\MockChessEngine\ChessBoard.h">
      <Filter>header\chess</Filter>
    </ClInclude>
    <ClInclude Include="..\MockChessEngine\ChessPiece.h">
      <Filter>header\chess</Filter>
    </ClInclude>
    <ClInclude Include="..\MockChessEngine\Constants.h">
      <Filter>header\chess</Filter>
    </ClInclude>
    <ClInclude Include="..\MockChessEngine\DataAndTypes.h">
      <Filter>header\chess</Filter>
    </ClInclude>
    <ClInclude Include="..\MockChessEngine\Game.h">
      <Filter>header\chess</Filter>
    </ClInclude>
    <ClInclude Include="..\MockChessEngine\HelpMethods.h">
      <Filter>header\chess</Filter>
    </ClInclude>
    <ClInclude Include="..\MockChessEngine\HumanPlayer.h">
      <Filter>header\chess</Filter>
    </ClInclude>
    <ClInclude Include="..\MockChessEngine\Move.h">
      <Filter>header\chess</Filter>
    </ClInclude>
    <ClInclude Include="..\MockChessEngine\MoveCastle.h">
      <Filter>header\chess</Filter>
    </ClInclude>
    <ClInclude Include="..\MockChessEngine\MoveDoublePawn.h">
      <Filter>header\chess</Filter>
    </ClInclude>
    <ClInclude Include="..\MockChessEngine\MoveEnPassant.h">
      <Filter>header\chess</Filter>
    </ClInclude>
    <ClInclude Include="..\MockChessEngine\MovePromote.h">
      <Filter>header\chess</Filter>
    </ClInclude>
    <ClInclude Include="..\MockChessEngine\Player.h">
      <Filter>header\chess</Filter>
    </ClInclude>
    <ClInclude Include="..\MockChessEngine\RandomPlayer.h">
      <Filter>header\chess</Filter>
    </ClInclude>
    <ClInclude Include="..\MockChessEngine\AlphaBetaPruningBot.h">
      <Filter>header\chess</Filter>
    </ClInclude>
    <ClInclude Include="..\MockChessEngine\Medicrius.h">
      <Filter>header\chess</Filter>
    </ClInclude>
    <ClInclude Include="leonardo_bot.hpp">
      <Filter>header</Filter>
    </ClInclude>
    <ClInclude Include="leonardo_util.hpp">
      <Filter>header</Filter>
    </ClInclude>
    <ClInclude Include="NeuroFox\assert_throw.hpp">
      <Filter>header\nnet</Filter>
    </ClInclude>
  </ItemGroup>
  <ItemGroup>
    <CudaCompile Include="NeuroFox\gpu_math.cu">
      <Filter>source\nnet</Filter>
    </CudaCompile>
  </ItemGroup>
</Project>